
Microsoft Visual Studio Solution File, Format Version 12.00
# Visual Studio 15
VisualStudioVersion = 15.0.28010.2036
MinimumVisualStudioVersion = 10.0.40219.1
Project("{FAE04EC0-301F-11D3-BF4B-00C04F79EFBC}") = "BluetoothApi", "BluetoothApi\BluetoothApi.csproj", "{3377D797-0D97-4A19-82C7-6C30094AB7A1}"
EndProject
Global
	GlobalSection(SolutionConfigurationPlatforms) = preSolution
		Debug|Any CPU = Debug|Any CPU
		Release|Any CPU = Release|Any CPU
	EndGlobalSection
	GlobalSection(ProjectConfigurationPlatforms) = postSolution
		{3377D797-0D97-4A19-82C7-6C30094AB7A1}.Debug|Any CPU.ActiveCfg = Debug|Any CPU
		{3377D797-0D97-4A19-82C7-6C30094AB7A1}.Debug|Any CPU.Build.0 = Debug|Any CPU
		{3377D797-0D97-4A19-82C7-6C30094AB7A1}.Release|Any CPU.ActiveCfg = Release|Any CPU
		{3377D797-0D97-4A19-82C7-6C30094AB7A1}.Release|Any CPU.Build.0 = Release|Any CPU
	EndGlobalSection
	GlobalSection(SolutionProperties) = preSolution
		HideSolutionNode = FALSE
	EndGlobalSection
	GlobalSection(ExtensibilityGlobals) = postSolution
		SolutionGuid = {5282A00B-D8F3-44AA-9B25-183FBA0DA1E4}
	EndGlobalSection
EndGlobal
