
Microsoft Visual Studio Solution File, Format Version 12.00
# Visual Studio 15
VisualStudioVersion = 15.0.27130.2010
MinimumVisualStudioVersion = 10.0.40219.1
Project("{FAE04EC0-301F-11D3-BF4B-00C04F79EFBC}") = "FirebaseConnect", "FirebaseConnect\FirebaseConnect.csproj", "{B07BCE6A-03D1-4639-94C0-8CB42F8F87DC}"
EndProject
Global
	GlobalSection(SolutionConfigurationPlatforms) = preSolution
		Debug|Any CPU = Debug|Any CPU
		Release|Any CPU = Release|Any CPU
	EndGlobalSection
	GlobalSection(ProjectConfigurationPlatforms) = postSolution
		{B07BCE6A-03D1-4639-94C0-8CB42F8F87DC}.Debug|Any CPU.ActiveCfg = Debug|Any CPU
		{B07BCE6A-03D1-4639-94C0-8CB42F8F87DC}.Debug|Any CPU.Build.0 = Debug|Any CPU
		{B07BCE6A-03D1-4639-94C0-8CB42F8F87DC}.Release|Any CPU.ActiveCfg = Release|Any CPU
		{B07BCE6A-03D1-4639-94C0-8CB42F8F87DC}.Release|Any CPU.Build.0 = Release|Any CPU
	EndGlobalSection
	GlobalSection(SolutionProperties) = preSolution
		HideSolutionNode = FALSE
	EndGlobalSection
	GlobalSection(ExtensibilityGlobals) = postSolution
		SolutionGuid = {D6253DC0-166D-471C-90A7-0BE16F7D830A}
	EndGlobalSection
EndGlobal
